
Microsoft Visual Studio Solution File, Format Version 12.00
# Visual Studio Version 17
VisualStudioVersion = 17.5.33502.453
MinimumVisualStudioVersion = 10.0.40219.1
Project("{9A19103F-16F7-4668-BE54-9A1E7A4F7556}") = "CommerceLigne", "CommerceLigne.csproj", "{1799387D-51C1-4CEC-A8D6-5CBE18AF8B70}"
EndProject
Project("{9A19103F-16F7-4668-BE54-9A1E7A4F7556}") = "Users", "Users\Users.csproj", "{280E8345-B15A-4E6A-9F8D-DF4221BD7048}"
EndProject
Global
	GlobalSection(SolutionConfigurationPlatforms) = preSolution
		Debug|Any CPU = Debug|Any CPU
		Release|Any CPU = Release|Any CPU
	EndGlobalSection
	GlobalSection(ProjectConfigurationPlatforms) = postSolution
		{1799387D-51C1-4CEC-A8D6-5CBE18AF8B70}.Debug|Any CPU.ActiveCfg = Debug|Any CPU
		{1799387D-51C1-4CEC-A8D6-5CBE18AF8B70}.Debug|Any CPU.Build.0 = Debug|Any CPU
		{1799387D-51C1-4CEC-A8D6-5CBE18AF8B70}.Release|Any CPU.ActiveCfg = Release|Any CPU
		{1799387D-51C1-4CEC-A8D6-5CBE18AF8B70}.Release|Any CPU.Build.0 = Release|Any CPU
		{280E8345-B15A-4E6A-9F8D-DF4221BD7048}.Debug|Any CPU.ActiveCfg = Debug|Any CPU
		{280E8345-B15A-4E6A-9F8D-DF4221BD7048}.Debug|Any CPU.Build.0 = Debug|Any CPU
		{280E8345-B15A-4E6A-9F8D-DF4221BD7048}.Release|Any CPU.ActiveCfg = Release|Any CPU
		{280E8345-B15A-4E6A-9F8D-DF4221BD7048}.Release|Any CPU.Build.0 = Release|Any CPU
	EndGlobalSection
	GlobalSection(SolutionProperties) = preSolution
		HideSolutionNode = FALSE
	EndGlobalSection
	GlobalSection(ExtensibilityGlobals) = postSolution
		SolutionGuid = {303C6B53-F8FC-4FC5-9074-4F37B410B700}
	EndGlobalSection
EndGlobal
